<?xml version="1.0" encoding="utf-8"?>
<Project ToolsVersion="4.0" xmlns="http://schemas.microsoft.com/developer/msbuild/2003">
  <ItemGroup>
    <Filter Include="Source Files">
      <UniqueIdentifier>{4FC737F1-C7A5-4376-A066-2A32D752A2FF}</UniqueIdentifier>
      <Extensions>cpp;c;cc;cxx;c++;cppm;ixx;def;odl;idl;hpj;bat;asm;asmx</Extensions>
    </Filter>
    <Filter Include="Header Files">
      <UniqueIdentifier>{93995380-89BD-4b04-88EB-625FBE52EBFB}</UniqueIdentifier>
      <Extensions>h;hh;hpp;hxx;h++;hm;inl;inc;ipp;xsd</Extensions>
    </Filter>
    <Filter Include="Resource Files">
      <UniqueIdentifier>{67DA6AB6-F800-4c08-8B7A-83BB121AAD01}</UniqueIdentifier>
      <Extensions>rc;ico;cur;bmp;dlg;rc2;rct;bin;rgs;gif;jpg;jpeg;jpe;resx;tiff;tif;png;wav;mfcribbon-ms</Extensions>
    </Filter>
    <Filter Include="Header Files\Game States">
      <UniqueIdentifier>{7202610f-9b0d-4854-8e87-64f6360e5fcf}</UniqueIdentifier>
    </Filter>
    <Filter Include="Source Files\Game States">
      <UniqueIdentifier>{bfa4e1f0-19aa-493c-9937-95da7560de9d}</UniqueIdentifier>
    </Filter>
    <Filter Include="Header Files\Game Objects">
      <UniqueIdentifier>{2bacc293-8aba-4abb-95b2-394f1b46d1b4}</UniqueIdentifier>
    </Filter>
    <Filter Include="Source Files\Game Objects">
      <UniqueIdentifier>{c934b340-0ba4-4960-980d-d40251c8d82a}</UniqueIdentifier>
    </Filter>
    <Filter Include="Source Files\Shared">
      <UniqueIdentifier>{06757366-51e4-4860-8b75-23b1abee5f8d}</UniqueIdentifier>
    </Filter>
    <Filter Include="Header Files\Shared">
      <UniqueIdentifier>{e5218124-19c9-48d7-9e97-280ed8617aaa}</UniqueIdentifier>
    </Filter>
  </ItemGroup>
  <ItemGroup>
    <ClCompile Include="MainClient.cpp">
      <Filter>Source Files</Filter>
    </ClCompile>
    <ClCompile Include="MenuState.cpp">
      <Filter>Source Files\Game States</Filter>
    </ClCompile>
    <ClCompile Include="GameObject.cpp">
      <Filter>Source Files\Game Objects</Filter>
    </ClCompile>
    <ClCompile Include="Game.cpp">
      <Filter>Source Files</Filter>
    </ClCompile>
    <ClCompile Include="ButtonGO.cpp">
      <Filter>Source Files\Game Objects</Filter>
    </ClCompile>
    <ClCompile Include="TextGO.cpp">
      <Filter>Source Files\Game Objects</Filter>
    </ClCompile>
    <ClCompile Include="PreConnectionState.cpp">
      <Filter>Source Files\Game States</Filter>
    </ClCompile>
    <ClCompile Include="ConnectingState.cpp">
      <Filter>Source Files\Game States</Filter>
    </ClCompile>
    <ClCompile Include="GameStateBase.cpp">
      <Filter>Source Files\Game States</Filter>
    </ClCompile>
    <ClCompile Include="PlayState.cpp">
      <Filter>Source Files\Game States</Filter>
    </ClCompile>
    <ClCompile Include="..\Shared\Message.cpp">
      <Filter>Source Files\Shared</Filter>
    </ClCompile>
    <ClCompile Include="..\Shared\Connection.cpp">
      <Filter>Source Files\Shared</Filter>
    </ClCompile>
    <ClCompile Include="ConnectionLostState.cpp">
      <Filter>Source Files\Game States</Filter>
    </ClCompile>
    <ClCompile Include="OpponentDisconnectState.cpp">
      <Filter>Source Files\Game States</Filter>
    </ClCompile>
    <ClCompile Include="..\Shared\PlayerMove.cpp">
      <Filter>Source Files\Shared</Filter>
    </ClCompile>
  </ItemGroup>
  <ItemGroup>
    <ClInclude Include="Game.h">
      <Filter>Header Files</Filter>
    </ClInclude>
    <ClInclude Include="Constants.h">
      <Filter>Header Files</Filter>
    </ClInclude>
    <ClInclude Include="MenuState.h">
      <Filter>Header Files\Game States</Filter>
    </ClInclude>
    <ClInclude Include="GameObject.h">
      <Filter>Header Files\Game Objects</Filter>
    </ClInclude>
    <ClInclude Include="ButtonGO.h">
      <Filter>Header Files\Game Objects</Filter>
    </ClInclude>
    <ClInclude Include="TextGO.h">
      <Filter>Header Files\Game Objects</Filter>
    </ClInclude>
    <ClInclude Include="PreConnectionState.h">
      <Filter>Header Files\Game States</Filter>
    </ClInclude>
    <ClInclude Include="ConnectingState.h">
      <Filter>Header Files\Game States</Filter>
    </ClInclude>
    <ClInclude Include="GameStateBase.h">
      <Filter>Header Files\Game States</Filter>
    </ClInclude>
    <ClInclude Include="PlayState.h">
      <Filter>Header Files\Game States</Filter>
    </ClInclude>
    <ClInclude Include="..\Shared\Message.h">
      <Filter>Header Files\Shared</Filter>
    </ClInclude>
    <ClInclude Include="..\Shared\Connection.h">
      <Filter>Header Files\Shared</Filter>
    </ClInclude>
    <ClInclude Include="OpponentDisconnectState.h">
      <Filter>Header Files\Game States</Filter>
    </ClInclude>
    <ClInclude Include="ConnectionLostState.h">
      <Filter>Header Files\Game States</Filter>
    </ClInclude>
    <ClInclude Include="..\Shared\GameConstants.h">
      <Filter>Header Files\Shared</Filter>
    </ClInclude>
    <ClInclude Include="..\Shared\PlayerMove.h">
      <Filter>Header Files\Shared</Filter>
    </ClInclude>
  </ItemGroup>
</Project>